
Microsoft Visual Studio Solution File, Format Version 12.00
# Visual Studio Version 17
VisualStudioVersion = 17.3.32811.315
MinimumVisualStudioVersion = 10.0.40219.1
Project("{9092AA53-FB77-4645-B42D-1CCCA6BD08BD}") = "ServerBuilder", "ServerBuilder.njsproj", "{F0D48A3D-FFCA-4209-BD28-2791E133811C}"
EndProject
Global
	GlobalSection(SolutionConfigurationPlatforms) = preSolution
		Debug|Any CPU = Debug|Any CPU
		Release|Any CPU = Release|Any CPU
	EndGlobalSection
	GlobalSection(ProjectConfigurationPlatforms) = postSolution
		{F0D48A3D-FFCA-4209-BD28-2791E133811C}.Debug|Any CPU.ActiveCfg = Debug|Any CPU
		{F0D48A3D-FFCA-4209-BD28-2791E133811C}.Debug|Any CPU.Build.0 = Debug|Any CPU
		{F0D48A3D-FFCA-4209-BD28-2791E133811C}.Release|Any CPU.ActiveCfg = Release|Any CPU
		{F0D48A3D-FFCA-4209-BD28-2791E133811C}.Release|Any CPU.Build.0 = Release|Any CPU
	EndGlobalSection
	GlobalSection(SolutionProperties) = preSolution
		HideSolutionNode = FALSE
	EndGlobalSection
	GlobalSection(ExtensibilityGlobals) = postSolution
		SolutionGuid = {6A475EBA-449A-4E4E-A46B-8B8F765CCA18}
	EndGlobalSection
EndGlobal
